{
  "requires": true,
  "lockfileVersion": 1,
  "dependencies": {
    "iconv": {
      "version": "2.3.5",
      "resolved": "https://registry.npmjs.org/iconv/-/iconv-2.3.5.tgz",
      "integrity": "sha512-U5ajDbtDfadp7pvUMC0F2XbkP5vQn9Xrwa6UptePl+cK8EILxapAt3sXers9B3Gxagk+zVjL2ELKuzQvyqOwug==",
      "requires": {
        "nan": "^2.14.0",
        "safer-buffer": "^2.1.2"
      }
    },
    "lodash": {
      "version": "4.17.15",
      "resolved": "https://registry.npmjs.org/lodash/-/lodash-4.17.15.tgz",
      "integrity": "sha512-8xOcRHvCjnocdS5cpwXQXVzmmh5e5+saE2QGoeQmbKmRS6J3VQppPOIt0MnmE+4xlZoumy0GPG0D0MVIQbNA1A=="
    },
    "nan": {
      "version": "2.14.0",
      "resolved": "https://registry.npmjs.org/nan/-/nan-2.14.0.tgz",
      "integrity": "sha512-INOFj37C7k3AfaNTtX8RhsTw7qRy7eLET14cROi9+5HAVbbHuIWUHEauBv5qT4Av2tWasiTY1Jw6puUNqRJXQg=="
    },
    "pdffiller": {
      "version": "0.0.11",
      "resolved": "https://registry.npmjs.org/pdffiller/-/pdffiller-0.0.11.tgz",
      "integrity": "sha512-VuiWyEgydNVeXX1rAhU+3yimEiZegtuMIBhS54bm8K6WHLzS8OSbGdVefJQGD49mmRlfCxi87JkSjyx468C8kQ==",
      "requires": {
        "lodash": "~4.17.11",
        "utf8-fdf-generator": "0.0.3"
      }
    },
    "safer-buffer": {
      "version": "2.1.2",
      "resolved": "https://registry.npmjs.org/safer-buffer/-/safer-buffer-2.1.2.tgz",
      "integrity": "sha512-YZo3K82SD7Riyi0E1EQPojLz7kpepnSQI9IyPbHHg1XXXevb5dJI7tpyN2ADxGcQbHG7vcyRHk0cbwqcQriUtg=="
    },
    "utf8-fdf-generator": {
      "version": "0.0.3",
      "resolved": "https://registry.npmjs.org/utf8-fdf-generator/-/utf8-fdf-generator-0.0.3.tgz",
      "integrity": "sha1-OX6PeUDCdtDj1DXsJ7F9Olfo+c4=",
      "requires": {
        "iconv": "*"
      }
    }
  }
}
